
Microsoft Visual Studio Solution File, Format Version 12.00
# Visual Studio Version 17
VisualStudioVersion = 17.2.32519.379
MinimumVisualStudioVersion = 10.0.40219.1
Project("{FAE04EC0-301F-11D3-BF4B-00C04F79EFBC}") = "WarehouseManagementApp", "WarehouseManagementApp\WarehouseManagementApp.csproj", "{22A74078-0ED9-4D90-AD28-D083E32B37DA}"
EndProject
Global
	GlobalSection(SolutionConfigurationPlatforms) = preSolution
		Debug|Any CPU = Debug|Any CPU
		Release|Any CPU = Release|Any CPU
	EndGlobalSection
	GlobalSection(ProjectConfigurationPlatforms) = postSolution
		{22A74078-0ED9-4D90-AD28-D083E32B37DA}.Debug|Any CPU.ActiveCfg = Debug|Any CPU
		{22A74078-0ED9-4D90-AD28-D083E32B37DA}.Debug|Any CPU.Build.0 = Debug|Any CPU
		{22A74078-0ED9-4D90-AD28-D083E32B37DA}.Release|Any CPU.ActiveCfg = Release|Any CPU
		{22A74078-0ED9-4D90-AD28-D083E32B37DA}.Release|Any CPU.Build.0 = Release|Any CPU
	EndGlobalSection
	GlobalSection(SolutionProperties) = preSolution
		HideSolutionNode = FALSE
	EndGlobalSection
	GlobalSection(ExtensibilityGlobals) = postSolution
		SolutionGuid = {1F7A9F56-1E7E-44AD-AD8C-10A6E0D6A8EC}
	EndGlobalSection
EndGlobal
